
Microsoft Visual Studio Solution File, Format Version 12.00
# Visual Studio 15
VisualStudioVersion = 15.0.27428.2043
MinimumVisualStudioVersion = 10.0.40219.1
Project("{FAE04EC0-301F-11D3-BF4B-00C04F79EFBC}") = "Delfin.Principal", "3. Presentation Tier\Delfin.Principal\Delfin.Principal.csproj", "{4E3BB71B-1479-4FBC-920A-70F3EEBE07DC}"
EndProject
Project("{2150E333-8FDC-42A3-9474-1A3956D46DE8}") = "1. Business Tier", "1. Business Tier", "{D4F4BB08-ED28-448F-960D-BBE1CA7BDDC9}"
EndProject
Project("{2150E333-8FDC-42A3-9474-1A3956D46DE8}") = "2. Services Tier", "2. Services Tier", "{4C5CD854-5B26-467B-863C-E9BD080BBD5A}"
EndProject
Project("{2150E333-8FDC-42A3-9474-1A3956D46DE8}") = "3. Presentation Tier", "3. Presentation Tier", "{58C8564C-6787-42FC-A128-66281102922E}"
EndProject
Project("{FAE04EC0-301F-11D3-BF4B-00C04F79EFBC}") = "Delfin.BusinessLogic", "1. Business Tier\Delfin.BusinessLogic\Delfin.BusinessLogic.csproj", "{C100EA87-7438-4439-AC79-FAE48BAB42E2}"
EndProject
Project("{FAE04EC0-301F-11D3-BF4B-00C04F79EFBC}") = "Delfin.ServiceContracts", "2. Services Tier\Delfin.ServiceContracts\Delfin.ServiceContracts.csproj", "{15B3E0D2-6217-493A-A690-158C497F5318}"
EndProject
Project("{FAE04EC0-301F-11D3-BF4B-00C04F79EFBC}") = "Delfin.ServiceProxy", "2. Services Tier\Delfin.ServiceProxy\Delfin.ServiceProxy.csproj", "{E6205C17-C9DA-42C9-81E7-721505073E2D}"
EndProject
Project("{FAE04EC0-301F-11D3-BF4B-00C04F79EFBC}") = "Delfin.Entities", "1. Business Tier\Delfin.Entities\Delfin.Entities.csproj", "{F32CDD23-0D2E-4B37-99FC-7A072BE8B5F5}"
EndProject
Project("{FAE04EC0-301F-11D3-BF4B-00C04F79EFBC}") = "Delfin.eFact.FacturacionElectronicaDLL", "eFactDelfin\Delfin.eFact.FacturacionElectronicaDLL.csproj", "{F0FFB205-D8ED-4AD2-850B-0718D4FC26F8}"
EndProject
Project("{F184B08F-C81C-45F6-A57F-5ABD9991F28F}") = "Application.DataAccess", "Application.DataAccess\Application.DataAccess.vbproj", "{5C8E181F-7743-48FE-8A5A-30566B47E4E5}"
EndProject
Project("{F184B08F-C81C-45F6-A57F-5ABD9991F28F}") = "Application.BusinessEntities", "Application.Entities\Application.BusinessEntities.vbproj", "{4A5FF929-730F-45AC-85FD-541228280740}"
EndProject
Project("{F184B08F-C81C-45F6-A57F-5ABD9991F28F}") = "Application.BusinessLogic", "Application.BusinessLogic\Application.BusinessLogic.vbproj", "{A07ACA44-06AB-4E1F-8048-2C28A7198560}"
EndProject
Project("{F184B08F-C81C-45F6-A57F-5ABD9991F28F}") = "Application.UserInterface", "Application.UserInterface\Application.UserInterface.vbproj", "{908DDE54-D3A5-4781-8F7F-2378D04BA4B5}"
EndProject
Global
	GlobalSection(SolutionConfigurationPlatforms) = preSolution
		CD_ROM|Any CPU = CD_ROM|Any CPU
		CD_ROM|Mixed Platforms = CD_ROM|Mixed Platforms
		CD_ROM|x64 = CD_ROM|x64
		CD_ROM|x86 = CD_ROM|x86
		Debug|Any CPU = Debug|Any CPU
		Debug|Mixed Platforms = Debug|Mixed Platforms
		Debug|x64 = Debug|x64
		Debug|x86 = Debug|x86
		DVD-5|Any CPU = DVD-5|Any CPU
		DVD-5|Mixed Platforms = DVD-5|Mixed Platforms
		DVD-5|x64 = DVD-5|x64
		DVD-5|x86 = DVD-5|x86
		Release|Any CPU = Release|Any CPU
		Release|Mixed Platforms = Release|Mixed Platforms
		Release|x64 = Release|x64
		Release|x86 = Release|x86
		SingleImage|Any CPU = SingleImage|Any CPU
		SingleImage|Mixed Platforms = SingleImage|Mixed Platforms
		SingleImage|x64 = SingleImage|x64
		SingleImage|x86 = SingleImage|x86
	EndGlobalSection
	GlobalSection(ProjectConfigurationPlatforms) = postSolution
		{4E3BB71B-1479-4FBC-920A-70F3EEBE07DC}.CD_ROM|Any CPU.ActiveCfg = Release|Any CPU
		{4E3BB71B-1479-4FBC-920A-70F3EEBE07DC}.CD_ROM|Any CPU.Build.0 = Release|Any CPU
		{4E3BB71B-1479-4FBC-920A-70F3EEBE07DC}.CD_ROM|Mixed Platforms.ActiveCfg = Debug|x86
		{4E3BB71B-1479-4FBC-920A-70F3EEBE07DC}.CD_ROM|Mixed Platforms.Build.0 = Debug|x86
		{4E3BB71B-1479-4FBC-920A-70F3EEBE07DC}.CD_ROM|x64.ActiveCfg = Release|Any CPU
		{4E3BB71B-1479-4FBC-920A-70F3EEBE07DC}.CD_ROM|x86.ActiveCfg = Release|x86
		{4E3BB71B-1479-4FBC-920A-70F3EEBE07DC}.CD_ROM|x86.Build.0 = Release|x86
		{4E3BB71B-1479-4FBC-920A-70F3EEBE07DC}.Debug|Any CPU.ActiveCfg = Debug|Any CPU
		{4E3BB71B-1479-4FBC-920A-70F3EEBE07DC}.Debug|Any CPU.Build.0 = Debug|Any CPU
		{4E3BB71B-1479-4FBC-920A-70F3EEBE07DC}.Debug|Mixed Platforms.ActiveCfg = Debug|x86
		{4E3BB71B-1479-4FBC-920A-70F3EEBE07DC}.Debug|Mixed Platforms.Build.0 = Debug|x86
		{4E3BB71B-1479-4FBC-920A-70F3EEBE07DC}.Debug|x64.ActiveCfg = Debug|Any CPU
		{4E3BB71B-1479-4FBC-920A-70F3EEBE07DC}.Debug|x86.ActiveCfg = Debug|x86
		{4E3BB71B-1479-4FBC-920A-70F3EEBE07DC}.Debug|x86.Build.0 = Debug|x86
		{4E3BB71B-1479-4FBC-920A-70F3EEBE07DC}.DVD-5|Any CPU.ActiveCfg = Debug|Any CPU
		{4E3BB71B-1479-4FBC-920A-70F3EEBE07DC}.DVD-5|Any CPU.Build.0 = Debug|Any CPU
		{4E3BB71B-1479-4FBC-920A-70F3EEBE07DC}.DVD-5|Mixed Platforms.ActiveCfg = Debug|x86
		{4E3BB71B-1479-4FBC-920A-70F3EEBE07DC}.DVD-5|Mixed Platforms.Build.0 = Debug|x86
		{4E3BB71B-1479-4FBC-920A-70F3EEBE07DC}.DVD-5|x64.ActiveCfg = Debug|Any CPU
		{4E3BB71B-1479-4FBC-920A-70F3EEBE07DC}.DVD-5|x86.ActiveCfg = Debug|x86
		{4E3BB71B-1479-4FBC-920A-70F3EEBE07DC}.DVD-5|x86.Build.0 = Debug|x86
		{4E3BB71B-1479-4FBC-920A-70F3EEBE07DC}.Release|Any CPU.ActiveCfg = Release|Any CPU
		{4E3BB71B-1479-4FBC-920A-70F3EEBE07DC}.Release|Any CPU.Build.0 = Release|Any CPU
		{4E3BB71B-1479-4FBC-920A-70F3EEBE07DC}.Release|Mixed Platforms.ActiveCfg = Release|x86
		{4E3BB71B-1479-4FBC-920A-70F3EEBE07DC}.Release|Mixed Platforms.Build.0 = Release|x86
		{4E3BB71B-1479-4FBC-920A-70F3EEBE07DC}.Release|x64.ActiveCfg = Release|Any CPU
		{4E3BB71B-1479-4FBC-920A-70F3EEBE07DC}.Release|x86.ActiveCfg = Release|x86
		{4E3BB71B-1479-4FBC-920A-70F3EEBE07DC}.Release|x86.Build.0 = Release|x86
		{4E3BB71B-1479-4FBC-920A-70F3EEBE07DC}.SingleImage|Any CPU.ActiveCfg = Release|Any CPU
		{4E3BB71B-1479-4FBC-920A-70F3EEBE07DC}.SingleImage|Any CPU.Build.0 = Release|Any CPU
		{4E3BB71B-1479-4FBC-920A-70F3EEBE07DC}.SingleImage|Mixed Platforms.ActiveCfg = Debug|x86
		{4E3BB71B-1479-4FBC-920A-70F3EEBE07DC}.SingleImage|Mixed Platforms.Build.0 = Debug|x86
		{4E3BB71B-1479-4FBC-920A-70F3EEBE07DC}.SingleImage|x64.ActiveCfg = Release|Any CPU
		{4E3BB71B-1479-4FBC-920A-70F3EEBE07DC}.SingleImage|x86.ActiveCfg = Release|x86
		{4E3BB71B-1479-4FBC-920A-70F3EEBE07DC}.SingleImage|x86.Build.0 = Release|x86
		{C100EA87-7438-4439-AC79-FAE48BAB42E2}.CD_ROM|Any CPU.ActiveCfg = Release|Any CPU
		{C100EA87-7438-4439-AC79-FAE48BAB42E2}.CD_ROM|Any CPU.Build.0 = Release|Any CPU
		{C100EA87-7438-4439-AC79-FAE48BAB42E2}.CD_ROM|Mixed Platforms.ActiveCfg = Debug|x86
		{C100EA87-7438-4439-AC79-FAE48BAB42E2}.CD_ROM|Mixed Platforms.Build.0 = Debug|x86
		{C100EA87-7438-4439-AC79-FAE48BAB42E2}.CD_ROM|x64.ActiveCfg = Release|Any CPU
		{C100EA87-7438-4439-AC79-FAE48BAB42E2}.CD_ROM|x86.ActiveCfg = Release|x86
		{C100EA87-7438-4439-AC79-FAE48BAB42E2}.CD_ROM|x86.Build.0 = Release|x86
		{C100EA87-7438-4439-AC79-FAE48BAB42E2}.Debug|Any CPU.ActiveCfg = Debug|Any CPU
		{C100EA87-7438-4439-AC79-FAE48BAB42E2}.Debug|Any CPU.Build.0 = Debug|Any CPU
		{C100EA87-7438-4439-AC79-FAE48BAB42E2}.Debug|Mixed Platforms.ActiveCfg = Debug|x86
		{C100EA87-7438-4439-AC79-FAE48BAB42E2}.Debug|Mixed Platforms.Build.0 = Debug|x86
		{C100EA87-7438-4439-AC79-FAE48BAB42E2}.Debug|x64.ActiveCfg = Debug|Any CPU
		{C100EA87-7438-4439-AC79-FAE48BAB42E2}.Debug|x86.ActiveCfg = Debug|x86
		{C100EA87-7438-4439-AC79-FAE48BAB42E2}.Debug|x86.Build.0 = Debug|x86
		{C100EA87-7438-4439-AC79-FAE48BAB42E2}.DVD-5|Any CPU.ActiveCfg = Debug|Any CPU
		{C100EA87-7438-4439-AC79-FAE48BAB42E2}.DVD-5|Any CPU.Build.0 = Debug|Any CPU
		{C100EA87-7438-4439-AC79-FAE48BAB42E2}.DVD-5|Mixed Platforms.ActiveCfg = Debug|x86
		{C100EA87-7438-4439-AC79-FAE48BAB42E2}.DVD-5|Mixed Platforms.Build.0 = Debug|x86
		{C100EA87-7438-4439-AC79-FAE48BAB42E2}.DVD-5|x64.ActiveCfg = Debug|Any CPU
		{C100EA87-7438-4439-AC79-FAE48BAB42E2}.DVD-5|x86.ActiveCfg = Debug|x86
		{C100EA87-7438-4439-AC79-FAE48BAB42E2}.DVD-5|x86.Build.0 = Debug|x86
		{C100EA87-7438-4439-AC79-FAE48BAB42E2}.Release|Any CPU.ActiveCfg = Release|Any CPU
		{C100EA87-7438-4439-AC79-FAE48BAB42E2}.Release|Any CPU.Build.0 = Release|Any CPU
		{C100EA87-7438-4439-AC79-FAE48BAB42E2}.Release|Mixed Platforms.ActiveCfg = Release|x86
		{C100EA87-7438-4439-AC79-FAE48BAB42E2}.Release|Mixed Platforms.Build.0 = Release|x86
		{C100EA87-7438-4439-AC79-FAE48BAB42E2}.Release|x64.ActiveCfg = Release|Any CPU
		{C100EA87-7438-4439-AC79-FAE48BAB42E2}.Release|x86.ActiveCfg = Release|x86
		{C100EA87-7438-4439-AC79-FAE48BAB42E2}.Release|x86.Build.0 = Release|x86
		{C100EA87-7438-4439-AC79-FAE48BAB42E2}.SingleImage|Any CPU.ActiveCfg = Release|Any CPU
		{C100EA87-7438-4439-AC79-FAE48BAB42E2}.SingleImage|Any CPU.Build.0 = Release|Any CPU
		{C100EA87-7438-4439-AC79-FAE48BAB42E2}.SingleImage|Mixed Platforms.ActiveCfg = Debug|x86
		{C100EA87-7438-4439-AC79-FAE48BAB42E2}.SingleImage|Mixed Platforms.Build.0 = Debug|x86
		{C100EA87-7438-4439-AC79-FAE48BAB42E2}.SingleImage|x64.ActiveCfg = Release|Any CPU
		{C100EA87-7438-4439-AC79-FAE48BAB42E2}.SingleImage|x86.ActiveCfg = Release|x86
		{C100EA87-7438-4439-AC79-FAE48BAB42E2}.SingleImage|x86.Build.0 = Release|x86
		{15B3E0D2-6217-493A-A690-158C497F5318}.CD_ROM|Any CPU.ActiveCfg = Release|Any CPU
		{15B3E0D2-6217-493A-A690-158C497F5318}.CD_ROM|Any CPU.Build.0 = Release|Any CPU
		{15B3E0D2-6217-493A-A690-158C497F5318}.CD_ROM|Mixed Platforms.ActiveCfg = Debug|x86
		{15B3E0D2-6217-493A-A690-158C497F5318}.CD_ROM|Mixed Platforms.Build.0 = Debug|x86
		{15B3E0D2-6217-493A-A690-158C497F5318}.CD_ROM|x64.ActiveCfg = Release|Any CPU
		{15B3E0D2-6217-493A-A690-158C497F5318}.CD_ROM|x86.ActiveCfg = Release|x86
		{15B3E0D2-6217-493A-A690-158C497F5318}.CD_ROM|x86.Build.0 = Release|x86
		{15B3E0D2-6217-493A-A690-158C497F5318}.Debug|Any CPU.ActiveCfg = Debug|Any CPU
		{15B3E0D2-6217-493A-A690-158C497F5318}.Debug|Any CPU.Build.0 = Debug|Any CPU
		{15B3E0D2-6217-493A-A690-158C497F5318}.Debug|Mixed Platforms.ActiveCfg = Debug|x86
		{15B3E0D2-6217-493A-A690-158C497F5318}.Debug|Mixed Platforms.Build.0 = Debug|x86
		{15B3E0D2-6217-493A-A690-158C497F5318}.Debug|x64.ActiveCfg = Debug|Any CPU
		{15B3E0D2-6217-493A-A690-158C497F5318}.Debug|x86.ActiveCfg = Debug|x86
		{15B3E0D2-6217-493A-A690-158C497F5318}.Debug|x86.Build.0 = Debug|x86
		{15B3E0D2-6217-493A-A690-158C497F5318}.DVD-5|Any CPU.ActiveCfg = Debug|Any CPU
		{15B3E0D2-6217-493A-A690-158C497F5318}.DVD-5|Any CPU.Build.0 = Debug|Any CPU
		{15B3E0D2-6217-493A-A690-158C497F5318}.DVD-5|Mixed Platforms.ActiveCfg = Debug|x86
		{15B3E0D2-6217-493A-A690-158C497F5318}.DVD-5|Mixed Platforms.Build.0 = Debug|x86
		{15B3E0D2-6217-493A-A690-158C497F5318}.DVD-5|x64.ActiveCfg = Debug|Any CPU
		{15B3E0D2-6217-493A-A690-158C497F5318}.DVD-5|x86.ActiveCfg = Debug|x86
		{15B3E0D2-6217-493A-A690-158C497F5318}.DVD-5|x86.Build.0 = Debug|x86
		{15B3E0D2-6217-493A-A690-158C497F5318}.Release|Any CPU.ActiveCfg = Release|Any CPU
		{15B3E0D2-6217-493A-A690-158C497F5318}.Release|Any CPU.Build.0 = Release|Any CPU
		{15B3E0D2-6217-493A-A690-158C497F5318}.Release|Mixed Platforms.ActiveCfg = Release|x86
		{15B3E0D2-6217-493A-A690-158C497F5318}.Release|Mixed Platforms.Build.0 = Release|x86
		{15B3E0D2-6217-493A-A690-158C497F5318}.Release|x64.ActiveCfg = Release|Any CPU
		{15B3E0D2-6217-493A-A690-158C497F5318}.Release|x86.ActiveCfg = Release|x86
		{15B3E0D2-6217-493A-A690-158C497F5318}.Release|x86.Build.0 = Release|x86
		{15B3E0D2-6217-493A-A690-158C497F5318}.SingleImage|Any CPU.ActiveCfg = Release|Any CPU
		{15B3E0D2-6217-493A-A690-158C497F5318}.SingleImage|Any CPU.Build.0 = Release|Any CPU
		{15B3E0D2-6217-493A-A690-158C497F5318}.SingleImage|Mixed Platforms.ActiveCfg = Debug|x86
		{15B3E0D2-6217-493A-A690-158C497F5318}.SingleImage|Mixed Platforms.Build.0 = Debug|x86
		{15B3E0D2-6217-493A-A690-158C497F5318}.SingleImage|x64.ActiveCfg = Release|Any CPU
		{15B3E0D2-6217-493A-A690-158C497F5318}.SingleImage|x86.ActiveCfg = Release|x86
		{15B3E0D2-6217-493A-A690-158C497F5318}.SingleImage|x86.Build.0 = Release|x86
		{E6205C17-C9DA-42C9-81E7-721505073E2D}.CD_ROM|Any CPU.ActiveCfg = Release|Any CPU
		{E6205C17-C9DA-42C9-81E7-721505073E2D}.CD_ROM|Any CPU.Build.0 = Release|Any CPU
		{E6205C17-C9DA-42C9-81E7-721505073E2D}.CD_ROM|Mixed Platforms.ActiveCfg = Debug|x86
		{E6205C17-C9DA-42C9-81E7-721505073E2D}.CD_ROM|Mixed Platforms.Build.0 = Debug|x86
		{E6205C17-C9DA-42C9-81E7-721505073E2D}.CD_ROM|x64.ActiveCfg = Release|Any CPU
		{E6205C17-C9DA-42C9-81E7-721505073E2D}.CD_ROM|x86.ActiveCfg = Release|x86
		{E6205C17-C9DA-42C9-81E7-721505073E2D}.CD_ROM|x86.Build.0 = Release|x86
		{E6205C17-C9DA-42C9-81E7-721505073E2D}.Debug|Any CPU.ActiveCfg = Debug|Any CPU
		{E6205C17-C9DA-42C9-81E7-721505073E2D}.Debug|Any CPU.Build.0 = Debug|Any CPU
		{E6205C17-C9DA-42C9-81E7-721505073E2D}.Debug|Mixed Platforms.ActiveCfg = Debug|x86
		{E6205C17-C9DA-42C9-81E7-721505073E2D}.Debug|Mixed Platforms.Build.0 = Debug|x86
		{E6205C17-C9DA-42C9-81E7-721505073E2D}.Debug|x64.ActiveCfg = Debug|Any CPU
		{E6205C17-C9DA-42C9-81E7-721505073E2D}.Debug|x86.ActiveCfg = Debug|x86
		{E6205C17-C9DA-42C9-81E7-721505073E2D}.Debug|x86.Build.0 = Debug|x86
		{E6205C17-C9DA-42C9-81E7-721505073E2D}.DVD-5|Any CPU.ActiveCfg = Debug|Any CPU
		{E6205C17-C9DA-42C9-81E7-721505073E2D}.DVD-5|Any CPU.Build.0 = Debug|Any CPU
		{E6205C17-C9DA-42C9-81E7-721505073E2D}.DVD-5|Mixed Platforms.ActiveCfg = Debug|x86
		{E6205C17-C9DA-42C9-81E7-721505073E2D}.DVD-5|Mixed Platforms.Build.0 = Debug|x86
		{E6205C17-C9DA-42C9-81E7-721505073E2D}.DVD-5|x64.ActiveCfg = Debug|Any CPU
		{E6205C17-C9DA-42C9-81E7-721505073E2D}.DVD-5|x86.ActiveCfg = Debug|x86
		{E6205C17-C9DA-42C9-81E7-721505073E2D}.DVD-5|x86.Build.0 = Debug|x86
		{E6205C17-C9DA-42C9-81E7-721505073E2D}.Release|Any CPU.ActiveCfg = Release|Any CPU
		{E6205C17-C9DA-42C9-81E7-721505073E2D}.Release|Any CPU.Build.0 = Release|Any CPU
		{E6205C17-C9DA-42C9-81E7-721505073E2D}.Release|Mixed Platforms.ActiveCfg = Release|x86
		{E6205C17-C9DA-42C9-81E7-721505073E2D}.Release|Mixed Platforms.Build.0 = Release|x86
		{E6205C17-C9DA-42C9-81E7-721505073E2D}.Release|x64.ActiveCfg = Release|Any CPU
		{E6205C17-C9DA-42C9-81E7-721505073E2D}.Release|x86.ActiveCfg = Release|x86
		{E6205C17-C9DA-42C9-81E7-721505073E2D}.Release|x86.Build.0 = Release|x86
		{E6205C17-C9DA-42C9-81E7-721505073E2D}.SingleImage|Any CPU.ActiveCfg = Release|Any CPU
		{E6205C17-C9DA-42C9-81E7-721505073E2D}.SingleImage|Any CPU.Build.0 = Release|Any CPU
		{E6205C17-C9DA-42C9-81E7-721505073E2D}.SingleImage|Mixed Platforms.ActiveCfg = Debug|x86
		{E6205C17-C9DA-42C9-81E7-721505073E2D}.SingleImage|Mixed Platforms.Build.0 = Debug|x86
		{E6205C17-C9DA-42C9-81E7-721505073E2D}.SingleImage|x64.ActiveCfg = Release|Any CPU
		{E6205C17-C9DA-42C9-81E7-721505073E2D}.SingleImage|x86.ActiveCfg = Release|x86
		{E6205C17-C9DA-42C9-81E7-721505073E2D}.SingleImage|x86.Build.0 = Release|x86
		{F32CDD23-0D2E-4B37-99FC-7A072BE8B5F5}.CD_ROM|Any CPU.ActiveCfg = Release|Any CPU
		{F32CDD23-0D2E-4B37-99FC-7A072BE8B5F5}.CD_ROM|Any CPU.Build.0 = Release|Any CPU
		{F32CDD23-0D2E-4B37-99FC-7A072BE8B5F5}.CD_ROM|Mixed Platforms.ActiveCfg = Debug|x86
		{F32CDD23-0D2E-4B37-99FC-7A072BE8B5F5}.CD_ROM|Mixed Platforms.Build.0 = Debug|x86
		{F32CDD23-0D2E-4B37-99FC-7A072BE8B5F5}.CD_ROM|x64.ActiveCfg = Release|Any CPU
		{F32CDD23-0D2E-4B37-99FC-7A072BE8B5F5}.CD_ROM|x86.ActiveCfg = Release|x86
		{F32CDD23-0D2E-4B37-99FC-7A072BE8B5F5}.CD_ROM|x86.Build.0 = Release|x86
		{F32CDD23-0D2E-4B37-99FC-7A072BE8B5F5}.Debug|Any CPU.ActiveCfg = Debug|Any CPU
		{F32CDD23-0D2E-4B37-99FC-7A072BE8B5F5}.Debug|Any CPU.Build.0 = Debug|Any CPU
		{F32CDD23-0D2E-4B37-99FC-7A072BE8B5F5}.Debug|Mixed Platforms.ActiveCfg = Debug|x86
		{F32CDD23-0D2E-4B37-99FC-7A072BE8B5F5}.Debug|Mixed Platforms.Build.0 = Debug|x86
		{F32CDD23-0D2E-4B37-99FC-7A072BE8B5F5}.Debug|x64.ActiveCfg = Debug|Any CPU
		{F32CDD23-0D2E-4B37-99FC-7A072BE8B5F5}.Debug|x86.ActiveCfg = Debug|x86
		{F32CDD23-0D2E-4B37-99FC-7A072BE8B5F5}.Debug|x86.Build.0 = Debug|x86
		{F32CDD23-0D2E-4B37-99FC-7A072BE8B5F5}.DVD-5|Any CPU.ActiveCfg = Debug|Any CPU
		{F32CDD23-0D2E-4B37-99FC-7A072BE8B5F5}.DVD-5|Any CPU.Build.0 = Debug|Any CPU
		{F32CDD23-0D2E-4B37-99FC-7A072BE8B5F5}.DVD-5|Mixed Platforms.ActiveCfg = Debug|x86
		{F32CDD23-0D2E-4B37-99FC-7A072BE8B5F5}.DVD-5|Mixed Platforms.Build.0 = Debug|x86
		{F32CDD23-0D2E-4B37-99FC-7A072BE8B5F5}.DVD-5|x64.ActiveCfg = Debug|Any CPU
		{F32CDD23-0D2E-4B37-99FC-7A072BE8B5F5}.DVD-5|x86.ActiveCfg = Debug|x86
		{F32CDD23-0D2E-4B37-99FC-7A072BE8B5F5}.DVD-5|x86.Build.0 = Debug|x86
		{F32CDD23-0D2E-4B37-99FC-7A072BE8B5F5}.Release|Any CPU.ActiveCfg = Release|Any CPU
		{F32CDD23-0D2E-4B37-99FC-7A072BE8B5F5}.Release|Any CPU.Build.0 = Release|Any CPU
		{F32CDD23-0D2E-4B37-99FC-7A072BE8B5F5}.Release|Mixed Platforms.ActiveCfg = Release|x86
		{F32CDD23-0D2E-4B37-99FC-7A072BE8B5F5}.Release|Mixed Platforms.Build.0 = Release|x86
		{F32CDD23-0D2E-4B37-99FC-7A072BE8B5F5}.Release|x64.ActiveCfg = Release|Any CPU
		{F32CDD23-0D2E-4B37-99FC-7A072BE8B5F5}.Release|x86.ActiveCfg = Release|x86
		{F32CDD23-0D2E-4B37-99FC-7A072BE8B5F5}.Release|x86.Build.0 = Release|x86
		{F32CDD23-0D2E-4B37-99FC-7A072BE8B5F5}.SingleImage|Any CPU.ActiveCfg = Release|Any CPU
		{F32CDD23-0D2E-4B37-99FC-7A072BE8B5F5}.SingleImage|Any CPU.Build.0 = Release|Any CPU
		{F32CDD23-0D2E-4B37-99FC-7A072BE8B5F5}.SingleImage|Mixed Platforms.ActiveCfg = Debug|x86
		{F32CDD23-0D2E-4B37-99FC-7A072BE8B5F5}.SingleImage|Mixed Platforms.Build.0 = Debug|x86
		{F32CDD23-0D2E-4B37-99FC-7A072BE8B5F5}.SingleImage|x64.ActiveCfg = Release|Any CPU
		{F32CDD23-0D2E-4B37-99FC-7A072BE8B5F5}.SingleImage|x86.ActiveCfg = Release|x86
		{F32CDD23-0D2E-4B37-99FC-7A072BE8B5F5}.SingleImage|x86.Build.0 = Release|x86
		{F0FFB205-D8ED-4AD2-850B-0718D4FC26F8}.CD_ROM|Any CPU.ActiveCfg = Release|Any CPU
		{F0FFB205-D8ED-4AD2-850B-0718D4FC26F8}.CD_ROM|Any CPU.Build.0 = Release|Any CPU
		{F0FFB205-D8ED-4AD2-850B-0718D4FC26F8}.CD_ROM|Mixed Platforms.ActiveCfg = Debug|Any CPU
		{F0FFB205-D8ED-4AD2-850B-0718D4FC26F8}.CD_ROM|Mixed Platforms.Build.0 = Debug|Any CPU
		{F0FFB205-D8ED-4AD2-850B-0718D4FC26F8}.CD_ROM|x64.ActiveCfg = Release|Any CPU
		{F0FFB205-D8ED-4AD2-850B-0718D4FC26F8}.CD_ROM|x86.ActiveCfg = Release|Any CPU
		{F0FFB205-D8ED-4AD2-850B-0718D4FC26F8}.Debug|Any CPU.ActiveCfg = Debug|Any CPU
		{F0FFB205-D8ED-4AD2-850B-0718D4FC26F8}.Debug|Any CPU.Build.0 = Debug|Any CPU
		{F0FFB205-D8ED-4AD2-850B-0718D4FC26F8}.Debug|Mixed Platforms.ActiveCfg = Debug|Any CPU
		{F0FFB205-D8ED-4AD2-850B-0718D4FC26F8}.Debug|Mixed Platforms.Build.0 = Debug|Any CPU
		{F0FFB205-D8ED-4AD2-850B-0718D4FC26F8}.Debug|x64.ActiveCfg = Debug|Any CPU
		{F0FFB205-D8ED-4AD2-850B-0718D4FC26F8}.Debug|x86.ActiveCfg = Debug|Any CPU
		{F0FFB205-D8ED-4AD2-850B-0718D4FC26F8}.DVD-5|Any CPU.ActiveCfg = Debug|Any CPU
		{F0FFB205-D8ED-4AD2-850B-0718D4FC26F8}.DVD-5|Any CPU.Build.0 = Debug|Any CPU
		{F0FFB205-D8ED-4AD2-850B-0718D4FC26F8}.DVD-5|Mixed Platforms.ActiveCfg = Debug|Any CPU
		{F0FFB205-D8ED-4AD2-850B-0718D4FC26F8}.DVD-5|Mixed Platforms.Build.0 = Debug|Any CPU
		{F0FFB205-D8ED-4AD2-850B-0718D4FC26F8}.DVD-5|x64.ActiveCfg = Debug|Any CPU
		{F0FFB205-D8ED-4AD2-850B-0718D4FC26F8}.DVD-5|x86.ActiveCfg = Debug|Any CPU
		{F0FFB205-D8ED-4AD2-850B-0718D4FC26F8}.Release|Any CPU.ActiveCfg = Release|Any CPU
		{F0FFB205-D8ED-4AD2-850B-0718D4FC26F8}.Release|Any CPU.Build.0 = Release|Any CPU
		{F0FFB205-D8ED-4AD2-850B-0718D4FC26F8}.Release|Mixed Platforms.ActiveCfg = Release|Any CPU
		{F0FFB205-D8ED-4AD2-850B-0718D4FC26F8}.Release|Mixed Platforms.Build.0 = Release|Any CPU
		{F0FFB205-D8ED-4AD2-850B-0718D4FC26F8}.Release|x64.ActiveCfg = Release|Any CPU
		{F0FFB205-D8ED-4AD2-850B-0718D4FC26F8}.Release|x86.ActiveCfg = Release|Any CPU
		{F0FFB205-D8ED-4AD2-850B-0718D4FC26F8}.SingleImage|Any CPU.ActiveCfg = Release|Any CPU
		{F0FFB205-D8ED-4AD2-850B-0718D4FC26F8}.SingleImage|Any CPU.Build.0 = Release|Any CPU
		{F0FFB205-D8ED-4AD2-850B-0718D4FC26F8}.SingleImage|Mixed Platforms.ActiveCfg = Debug|Any CPU
		{F0FFB205-D8ED-4AD2-850B-0718D4FC26F8}.SingleImage|Mixed Platforms.Build.0 = Debug|Any CPU
		{F0FFB205-D8ED-4AD2-850B-0718D4FC26F8}.SingleImage|x64.ActiveCfg = Release|Any CPU
		{F0FFB205-D8ED-4AD2-850B-0718D4FC26F8}.SingleImage|x86.ActiveCfg = Release|Any CPU
		{5C8E181F-7743-48FE-8A5A-30566B47E4E5}.CD_ROM|Any CPU.ActiveCfg = Release|Any CPU
		{5C8E181F-7743-48FE-8A5A-30566B47E4E5}.CD_ROM|Any CPU.Build.0 = Release|Any CPU
		{5C8E181F-7743-48FE-8A5A-30566B47E4E5}.CD_ROM|Mixed Platforms.ActiveCfg = Release|Any CPU
		{5C8E181F-7743-48FE-8A5A-30566B47E4E5}.CD_ROM|Mixed Platforms.Build.0 = Release|Any CPU
		{5C8E181F-7743-48FE-8A5A-30566B47E4E5}.CD_ROM|x64.ActiveCfg = Release|Any CPU
		{5C8E181F-7743-48FE-8A5A-30566B47E4E5}.CD_ROM|x86.ActiveCfg = Release|Any CPU
		{5C8E181F-7743-48FE-8A5A-30566B47E4E5}.Debug|Any CPU.ActiveCfg = Debug|Any CPU
		{5C8E181F-7743-48FE-8A5A-30566B47E4E5}.Debug|Any CPU.Build.0 = Debug|Any CPU
		{5C8E181F-7743-48FE-8A5A-30566B47E4E5}.Debug|Mixed Platforms.ActiveCfg = Debug|Any CPU
		{5C8E181F-7743-48FE-8A5A-30566B47E4E5}.Debug|Mixed Platforms.Build.0 = Debug|Any CPU
		{5C8E181F-7743-48FE-8A5A-30566B47E4E5}.Debug|x64.ActiveCfg = Debug|Any CPU
		{5C8E181F-7743-48FE-8A5A-30566B47E4E5}.Debug|x86.ActiveCfg = Debug|Any CPU
		{5C8E181F-7743-48FE-8A5A-30566B47E4E5}.DVD-5|Any CPU.ActiveCfg = Debug|Any CPU
		{5C8E181F-7743-48FE-8A5A-30566B47E4E5}.DVD-5|Any CPU.Build.0 = Debug|Any CPU
		{5C8E181F-7743-48FE-8A5A-30566B47E4E5}.DVD-5|Mixed Platforms.ActiveCfg = Debug|Any CPU
		{5C8E181F-7743-48FE-8A5A-30566B47E4E5}.DVD-5|Mixed Platforms.Build.0 = Debug|Any CPU
		{5C8E181F-7743-48FE-8A5A-30566B47E4E5}.DVD-5|x64.ActiveCfg = Debug|Any CPU
		{5C8E181F-7743-48FE-8A5A-30566B47E4E5}.DVD-5|x86.ActiveCfg = Debug|Any CPU
		{5C8E181F-7743-48FE-8A5A-30566B47E4E5}.Release|Any CPU.ActiveCfg = Release|Any CPU
		{5C8E181F-7743-48FE-8A5A-30566B47E4E5}.Release|Any CPU.Build.0 = Release|Any CPU
		{5C8E181F-7743-48FE-8A5A-30566B47E4E5}.Release|Mixed Platforms.ActiveCfg = Release|Any CPU
		{5C8E181F-7743-48FE-8A5A-30566B47E4E5}.Release|Mixed Platforms.Build.0 = Release|Any CPU
		{5C8E181F-7743-48FE-8A5A-30566B47E4E5}.Release|x64.ActiveCfg = Release|Any CPU
		{5C8E181F-7743-48FE-8A5A-30566B47E4E5}.Release|x86.ActiveCfg = Release|Any CPU
		{5C8E181F-7743-48FE-8A5A-30566B47E4E5}.SingleImage|Any CPU.ActiveCfg = Release|Any CPU
		{5C8E181F-7743-48FE-8A5A-30566B47E4E5}.SingleImage|Any CPU.Build.0 = Release|Any CPU
		{5C8E181F-7743-48FE-8A5A-30566B47E4E5}.SingleImage|Mixed Platforms.ActiveCfg = Release|Any CPU
		{5C8E181F-7743-48FE-8A5A-30566B47E4E5}.SingleImage|Mixed Platforms.Build.0 = Release|Any CPU
		{5C8E181F-7743-48FE-8A5A-30566B47E4E5}.SingleImage|x64.ActiveCfg = Release|Any CPU
		{5C8E181F-7743-48FE-8A5A-30566B47E4E5}.SingleImage|x86.ActiveCfg = Release|Any CPU
		{4A5FF929-730F-45AC-85FD-541228280740}.CD_ROM|Any CPU.ActiveCfg = Release|Any CPU
		{4A5FF929-730F-45AC-85FD-541228280740}.CD_ROM|Any CPU.Build.0 = Release|Any CPU
		{4A5FF929-730F-45AC-85FD-541228280740}.CD_ROM|Mixed Platforms.ActiveCfg = Release|Any CPU
		{4A5FF929-730F-45AC-85FD-541228280740}.CD_ROM|Mixed Platforms.Build.0 = Release|Any CPU
		{4A5FF929-730F-45AC-85FD-541228280740}.CD_ROM|x64.ActiveCfg = Release|Any CPU
		{4A5FF929-730F-45AC-85FD-541228280740}.CD_ROM|x86.ActiveCfg = Release|Any CPU
		{4A5FF929-730F-45AC-85FD-541228280740}.Debug|Any CPU.ActiveCfg = Debug|Any CPU
		{4A5FF929-730F-45AC-85FD-541228280740}.Debug|Any CPU.Build.0 = Debug|Any CPU
		{4A5FF929-730F-45AC-85FD-541228280740}.Debug|Mixed Platforms.ActiveCfg = Debug|Any CPU
		{4A5FF929-730F-45AC-85FD-541228280740}.Debug|Mixed Platforms.Build.0 = Debug|Any CPU
		{4A5FF929-730F-45AC-85FD-541228280740}.Debug|x64.ActiveCfg = Debug|Any CPU
		{4A5FF929-730F-45AC-85FD-541228280740}.Debug|x86.ActiveCfg = Debug|Any CPU
		{4A5FF929-730F-45AC-85FD-541228280740}.DVD-5|Any CPU.ActiveCfg = Debug|Any CPU
		{4A5FF929-730F-45AC-85FD-541228280740}.DVD-5|Any CPU.Build.0 = Debug|Any CPU
		{4A5FF929-730F-45AC-85FD-541228280740}.DVD-5|Mixed Platforms.ActiveCfg = Debug|Any CPU
		{4A5FF929-730F-45AC-85FD-541228280740}.DVD-5|Mixed Platforms.Build.0 = Debug|Any CPU
		{4A5FF929-730F-45AC-85FD-541228280740}.DVD-5|x64.ActiveCfg = Debug|Any CPU
		{4A5FF929-730F-45AC-85FD-541228280740}.DVD-5|x86.ActiveCfg = Debug|Any CPU
		{4A5FF929-730F-45AC-85FD-541228280740}.Release|Any CPU.ActiveCfg = Release|Any CPU
		{4A5FF929-730F-45AC-85FD-541228280740}.Release|Any CPU.Build.0 = Release|Any CPU
		{4A5FF929-730F-45AC-85FD-541228280740}.Release|Mixed Platforms.ActiveCfg = Release|Any CPU
		{4A5FF929-730F-45AC-85FD-541228280740}.Release|Mixed Platforms.Build.0 = Release|Any CPU
		{4A5FF929-730F-45AC-85FD-541228280740}.Release|x64.ActiveCfg = Release|Any CPU
		{4A5FF929-730F-45AC-85FD-541228280740}.Release|x86.ActiveCfg = Release|Any CPU
		{4A5FF929-730F-45AC-85FD-541228280740}.SingleImage|Any CPU.ActiveCfg = Release|Any CPU
		{4A5FF929-730F-45AC-85FD-541228280740}.SingleImage|Any CPU.Build.0 = Release|Any CPU
		{4A5FF929-730F-45AC-85FD-541228280740}.SingleImage|Mixed Platforms.ActiveCfg = Release|Any CPU
		{4A5FF929-730F-45AC-85FD-541228280740}.SingleImage|Mixed Platforms.Build.0 = Release|Any CPU
		{4A5FF929-730F-45AC-85FD-541228280740}.SingleImage|x64.ActiveCfg = Release|Any CPU
		{4A5FF929-730F-45AC-85FD-541228280740}.SingleImage|x86.ActiveCfg = Release|Any CPU
		{A07ACA44-06AB-4E1F-8048-2C28A7198560}.CD_ROM|Any CPU.ActiveCfg = Release|Any CPU
		{A07ACA44-06AB-4E1F-8048-2C28A7198560}.CD_ROM|Any CPU.Build.0 = Release|Any CPU
		{A07ACA44-06AB-4E1F-8048-2C28A7198560}.CD_ROM|Mixed Platforms.ActiveCfg = Release|Any CPU
		{A07ACA44-06AB-4E1F-8048-2C28A7198560}.CD_ROM|Mixed Platforms.Build.0 = Release|Any CPU
		{A07ACA44-06AB-4E1F-8048-2C28A7198560}.CD_ROM|x64.ActiveCfg = Release|Any CPU
		{A07ACA44-06AB-4E1F-8048-2C28A7198560}.CD_ROM|x86.ActiveCfg = Release|Any CPU
		{A07ACA44-06AB-4E1F-8048-2C28A7198560}.Debug|Any CPU.ActiveCfg = Debug|Any CPU
		{A07ACA44-06AB-4E1F-8048-2C28A7198560}.Debug|Any CPU.Build.0 = Debug|Any CPU
		{A07ACA44-06AB-4E1F-8048-2C28A7198560}.Debug|Mixed Platforms.ActiveCfg = Debug|Any CPU
		{A07ACA44-06AB-4E1F-8048-2C28A7198560}.Debug|Mixed Platforms.Build.0 = Debug|Any CPU
		{A07ACA44-06AB-4E1F-8048-2C28A7198560}.Debug|x64.ActiveCfg = Debug|Any CPU
		{A07ACA44-06AB-4E1F-8048-2C28A7198560}.Debug|x86.ActiveCfg = Debug|Any CPU
		{A07ACA44-06AB-4E1F-8048-2C28A7198560}.DVD-5|Any CPU.ActiveCfg = Debug|Any CPU
		{A07ACA44-06AB-4E1F-8048-2C28A7198560}.DVD-5|Any CPU.Build.0 = Debug|Any CPU
		{A07ACA44-06AB-4E1F-8048-2C28A7198560}.DVD-5|Mixed Platforms.ActiveCfg = Debug|Any CPU
		{A07ACA44-06AB-4E1F-8048-2C28A7198560}.DVD-5|Mixed Platforms.Build.0 = Debug|Any CPU
		{A07ACA44-06AB-4E1F-8048-2C28A7198560}.DVD-5|x64.ActiveCfg = Debug|Any CPU
		{A07ACA44-06AB-4E1F-8048-2C28A7198560}.DVD-5|x86.ActiveCfg = Debug|Any CPU
		{A07ACA44-06AB-4E1F-8048-2C28A7198560}.Release|Any CPU.ActiveCfg = Release|Any CPU
		{A07ACA44-06AB-4E1F-8048-2C28A7198560}.Release|Any CPU.Build.0 = Release|Any CPU
		{A07ACA44-06AB-4E1F-8048-2C28A7198560}.Release|Mixed Platforms.ActiveCfg = Release|Any CPU
		{A07ACA44-06AB-4E1F-8048-2C28A7198560}.Release|Mixed Platforms.Build.0 = Release|Any CPU
		{A07ACA44-06AB-4E1F-8048-2C28A7198560}.Release|x64.ActiveCfg = Release|Any CPU
		{A07ACA44-06AB-4E1F-8048-2C28A7198560}.Release|x86.ActiveCfg = Release|Any CPU
		{A07ACA44-06AB-4E1F-8048-2C28A7198560}.SingleImage|Any CPU.ActiveCfg = Release|Any CPU
		{A07ACA44-06AB-4E1F-8048-2C28A7198560}.SingleImage|Any CPU.Build.0 = Release|Any CPU
		{A07ACA44-06AB-4E1F-8048-2C28A7198560}.SingleImage|Mixed Platforms.ActiveCfg = Release|Any CPU
		{A07ACA44-06AB-4E1F-8048-2C28A7198560}.SingleImage|Mixed Platforms.Build.0 = Release|Any CPU
		{A07ACA44-06AB-4E1F-8048-2C28A7198560}.SingleImage|x64.ActiveCfg = Release|Any CPU
		{A07ACA44-06AB-4E1F-8048-2C28A7198560}.SingleImage|x86.ActiveCfg = Release|Any CPU
		{908DDE54-D3A5-4781-8F7F-2378D04BA4B5}.CD_ROM|Any CPU.ActiveCfg = Release|Any CPU
		{908DDE54-D3A5-4781-8F7F-2378D04BA4B5}.CD_ROM|Any CPU.Build.0 = Release|Any CPU
		{908DDE54-D3A5-4781-8F7F-2378D04BA4B5}.CD_ROM|Mixed Platforms.ActiveCfg = Release|Any CPU
		{908DDE54-D3A5-4781-8F7F-2378D04BA4B5}.CD_ROM|Mixed Platforms.Build.0 = Release|Any CPU
		{908DDE54-D3A5-4781-8F7F-2378D04BA4B5}.CD_ROM|x64.ActiveCfg = Release|Any CPU
		{908DDE54-D3A5-4781-8F7F-2378D04BA4B5}.CD_ROM|x86.ActiveCfg = Release|Any CPU
		{908DDE54-D3A5-4781-8F7F-2378D04BA4B5}.Debug|Any CPU.ActiveCfg = Debug|Any CPU
		{908DDE54-D3A5-4781-8F7F-2378D04BA4B5}.Debug|Any CPU.Build.0 = Debug|Any CPU
		{908DDE54-D3A5-4781-8F7F-2378D04BA4B5}.Debug|Mixed Platforms.ActiveCfg = Debug|Any CPU
		{908DDE54-D3A5-4781-8F7F-2378D04BA4B5}.Debug|Mixed Platforms.Build.0 = Debug|Any CPU
		{908DDE54-D3A5-4781-8F7F-2378D04BA4B5}.Debug|x64.ActiveCfg = Debug|Any CPU
		{908DDE54-D3A5-4781-8F7F-2378D04BA4B5}.Debug|x86.ActiveCfg = Debug|Any CPU
		{908DDE54-D3A5-4781-8F7F-2378D04BA4B5}.DVD-5|Any CPU.ActiveCfg = Debug|Any CPU
		{908DDE54-D3A5-4781-8F7F-2378D04BA4B5}.DVD-5|Any CPU.Build.0 = Debug|Any CPU
		{908DDE54-D3A5-4781-8F7F-2378D04BA4B5}.DVD-5|Mixed Platforms.ActiveCfg = Debug|Any CPU
		{908DDE54-D3A5-4781-8F7F-2378D04BA4B5}.DVD-5|Mixed Platforms.Build.0 = Debug|Any CPU
		{908DDE54-D3A5-4781-8F7F-2378D04BA4B5}.DVD-5|x64.ActiveCfg = Debug|Any CPU
		{908DDE54-D3A5-4781-8F7F-2378D04BA4B5}.DVD-5|x86.ActiveCfg = Debug|Any CPU
		{908DDE54-D3A5-4781-8F7F-2378D04BA4B5}.Release|Any CPU.ActiveCfg = Release|Any CPU
		{908DDE54-D3A5-4781-8F7F-2378D04BA4B5}.Release|Any CPU.Build.0 = Release|Any CPU
		{908DDE54-D3A5-4781-8F7F-2378D04BA4B5}.Release|Mixed Platforms.ActiveCfg = Release|Any CPU
		{908DDE54-D3A5-4781-8F7F-2378D04BA4B5}.Release|Mixed Platforms.Build.0 = Release|Any CPU
		{908DDE54-D3A5-4781-8F7F-2378D04BA4B5}.Release|x64.ActiveCfg = Release|Any CPU
		{908DDE54-D3A5-4781-8F7F-2378D04BA4B5}.Release|x86.ActiveCfg = Release|Any CPU
		{908DDE54-D3A5-4781-8F7F-2378D04BA4B5}.SingleImage|Any CPU.ActiveCfg = Release|Any CPU
		{908DDE54-D3A5-4781-8F7F-2378D04BA4B5}.SingleImage|Any CPU.Build.0 = Release|Any CPU
		{908DDE54-D3A5-4781-8F7F-2378D04BA4B5}.SingleImage|Mixed Platforms.ActiveCfg = Release|Any CPU
		{908DDE54-D3A5-4781-8F7F-2378D04BA4B5}.SingleImage|Mixed Platforms.Build.0 = Release|Any CPU
		{908DDE54-D3A5-4781-8F7F-2378D04BA4B5}.SingleImage|x64.ActiveCfg = Release|Any CPU
		{908DDE54-D3A5-4781-8F7F-2378D04BA4B5}.SingleImage|x86.ActiveCfg = Release|Any CPU
	EndGlobalSection
	GlobalSection(SolutionProperties) = preSolution
		HideSolutionNode = FALSE
	EndGlobalSection
	GlobalSection(NestedProjects) = preSolution
		{4E3BB71B-1479-4FBC-920A-70F3EEBE07DC} = {58C8564C-6787-42FC-A128-66281102922E}
		{C100EA87-7438-4439-AC79-FAE48BAB42E2} = {D4F4BB08-ED28-448F-960D-BBE1CA7BDDC9}
		{15B3E0D2-6217-493A-A690-158C497F5318} = {4C5CD854-5B26-467B-863C-E9BD080BBD5A}
		{E6205C17-C9DA-42C9-81E7-721505073E2D} = {4C5CD854-5B26-467B-863C-E9BD080BBD5A}
		{F32CDD23-0D2E-4B37-99FC-7A072BE8B5F5} = {D4F4BB08-ED28-448F-960D-BBE1CA7BDDC9}
	EndGlobalSection
	GlobalSection(ExtensibilityGlobals) = postSolution
		SolutionGuid = {831401A1-68C8-420F-A71F-874469D2AB1E}
	EndGlobalSection
	GlobalSection(SubversionScc) = preSolution
		Svn-Managed = True
		Manager = AnkhSVN - Subversion Support for Visual Studio
	EndGlobalSection
EndGlobal
